
Microsoft Visual Studio Solution File, Format Version 12.00
# Visual Studio Version 17
VisualStudioVersion = 17.11.35327.3
MinimumVisualStudioVersion = 10.0.40219.1
Project("{FAE04EC0-301F-11D3-BF4B-00C04F79EFBC}") = "durablefunctionsdemo", "durablefunctionsdemo.csproj", "{D1F0C935-ED12-4263-A579-99D56CEA3768}"
EndProject
Global
	GlobalSection(SolutionConfigurationPlatforms) = preSolution
		Debug|Any CPU = Debug|Any CPU
		Release|Any CPU = Release|Any CPU
	EndGlobalSection
	GlobalSection(ProjectConfigurationPlatforms) = postSolution
		{D1F0C935-ED12-4263-A579-99D56CEA3768}.Debug|Any CPU.ActiveCfg = Debug|Any CPU
		{D1F0C935-ED12-4263-A579-99D56CEA3768}.Debug|Any CPU.Build.0 = Debug|Any CPU
		{D1F0C935-ED12-4263-A579-99D56CEA3768}.Release|Any CPU.ActiveCfg = Release|Any CPU
		{D1F0C935-ED12-4263-A579-99D56CEA3768}.Release|Any CPU.Build.0 = Release|Any CPU
	EndGlobalSection
	GlobalSection(SolutionProperties) = preSolution
		HideSolutionNode = FALSE
	EndGlobalSection
	GlobalSection(ExtensibilityGlobals) = postSolution
		SolutionGuid = {EFFBD7F4-79BC-4692-BCD2-D5F834CE0025}
	EndGlobalSection
EndGlobal
